
Microsoft Visual Studio Solution File, Format Version 12.00
# Visual Studio 15
VisualStudioVersion = 15.0.28307.421
MinimumVisualStudioVersion = 10.0.40219.1
Project("{6EC3EE1D-3C4E-46DD-8F32-0CC8E7565705}") = "Accumulate", "accumulate\Accumulate.fsproj", "{6226B393-D33E-47F0-9048-A65DE2BA7F53}"
EndProject
Project("{6EC3EE1D-3C4E-46DD-8F32-0CC8E7565705}") = "Allergies", "allergies\Allergies.fsproj", "{D5B8FC58-1073-4BDB-8445-A4D6E66F05E2}"
EndProject
Project("{6EC3EE1D-3C4E-46DD-8F32-0CC8E7565705}") = "ArmstrongNumbers", "armstrong-numbers\ArmstrongNumbers.fsproj", "{A8D20CD6-267F-477A-8025-0DD1106E2911}"
EndProject
Project("{6EC3EE1D-3C4E-46DD-8F32-0CC8E7565705}") = "BeerSong", "beer-song\BeerSong.fsproj", "{0F1355CC-4BBF-4373-AA16-387E632D236D}"
EndProject
Project("{6EC3EE1D-3C4E-46DD-8F32-0CC8E7565705}") = "Bob", "bob\Bob.fsproj", "{7F7A2518-BE93-4EC6-BCE9-705AAACDDCDE}"
EndProject
Project("{6EC3EE1D-3C4E-46DD-8F32-0CC8E7565705}") = "Clock", "clock\Clock.fsproj", "{29F1E759-0125-409A-A952-2621C034835F}"
EndProject
Project("{6EC3EE1D-3C4E-46DD-8F32-0CC8E7565705}") = "CollatzConjecture", "collatz-conjecture\CollatzConjecture.fsproj", "{57871C87-8ACA-47A1-9712-B1BE17BBF18A}"
EndProject
Project("{6EC3EE1D-3C4E-46DD-8F32-0CC8E7565705}") = "GradeSchool", "grade-school\GradeSchool.fsproj", "{CF29527E-CD86-4D5E-BAB1-5C555875693C}"
EndProject
Project("{6EC3EE1D-3C4E-46DD-8F32-0CC8E7565705}") = "Grains", "grains\Grains.fsproj", "{0CFA55BA-FD60-4E77-93BA-AFFC13052BBB}"
EndProject
Project("{6EC3EE1D-3C4E-46DD-8F32-0CC8E7565705}") = "Hamming", "hamming\Hamming.fsproj", "{2D516224-76BB-421F-9E1C-66D9F8A0A8FF}"
EndProject
Project("{6EC3EE1D-3C4E-46DD-8F32-0CC8E7565705}") = "HelloWorld", "hello-world\HelloWorld.fsproj", "{E896DF87-31E3-4164-8AAF-C560FF8238BF}"
EndProject
Project("{6EC3EE1D-3C4E-46DD-8F32-0CC8E7565705}") = "KindergartenGarden", "kindergarten-garden\KindergartenGarden.fsproj", "{FA6E52F6-5DAD-4468-940B-671BB4688916}"
EndProject
Project("{6EC3EE1D-3C4E-46DD-8F32-0CC8E7565705}") = "Leap", "leap\Leap.fsproj", "{409709DB-8DD0-4D9C-92FA-565C5454B0D6}"
EndProject
Project("{6EC3EE1D-3C4E-46DD-8F32-0CC8E7565705}") = "OcrNumbers", "ocr-numbers\OcrNumbers.fsproj", "{6368850E-9DF1-492A-8DB4-2BB4DD95ECB6}"
EndProject
Project("{6EC3EE1D-3C4E-46DD-8F32-0CC8E7565705}") = "QueenAttack", "queen-attack\QueenAttack.fsproj", "{59438643-0654-40AD-ADE6-D6A380C1BBB2}"
EndProject
Project("{6EC3EE1D-3C4E-46DD-8F32-0CC8E7565705}") = "Raindrops", "raindrops\Raindrops.fsproj", "{57EC52FF-2C1B-4E7A-ABDF-DFD46A121AB4}"
EndProject
Project("{6EC3EE1D-3C4E-46DD-8F32-0CC8E7565705}") = "RobotSimulator", "robot-simulator\RobotSimulator.fsproj", "{B154B5BD-466E-4FA8-BA2A-292D1A8F04F4}"
EndProject
Project("{6EC3EE1D-3C4E-46DD-8F32-0CC8E7565705}") = "SpaceAge", "space-age\SpaceAge.fsproj", "{C7DD0347-18C6-4D0F-A9BB-1328EE17AE68}"
EndProject
Project("{6EC3EE1D-3C4E-46DD-8F32-0CC8E7565705}") = "SumOfMultiples", "sum-of-multiples\SumOfMultiples.fsproj", "{F0D69871-FB4D-44D7-AED5-AC3A76C11F5B}"
EndProject
Project("{6EC3EE1D-3C4E-46DD-8F32-0CC8E7565705}") = "TwoFer", "two-fer\TwoFer.fsproj", "{22B3BDA4-CC07-4561-8314-E2C1677DDD0C}"
EndProject
Project("{6EC3EE1D-3C4E-46DD-8F32-0CC8E7565705}") = "TreeBuilding", "tree-building\TreeBuilding.fsproj", "{31D6E91D-FA61-4A9D-BC34-8BABF3BCA599}"
EndProject
Project("{6EC3EE1D-3C4E-46DD-8F32-0CC8E7565705}") = "PigLatin", "pig-latin\PigLatin.fsproj", "{DF8ACDD1-3ED5-4A3A-9257-090AAE8716C3}"
EndProject
Project("{6EC3EE1D-3C4E-46DD-8F32-0CC8E7565705}") = "BinarySearchTree", "binary-search-tree\BinarySearchTree.fsproj", "{F9483A96-F847-47F0-891C-3A6965208148}"
EndProject
Project("{6EC3EE1D-3C4E-46DD-8F32-0CC8E7565705}") = "DifferenceOfSquares", "difference-of-squares\DifferenceOfSquares.fsproj", "{2D55F4F5-EA4E-44CD-A212-B65D46A09D1A}"
EndProject
Project("{6EC3EE1D-3C4E-46DD-8F32-0CC8E7565705}") = "Gigasecond", "gigasecond\Gigasecond.fsproj", "{A1CB5A55-2710-4564-ADDA-2F77675BF85A}"
EndProject
Project("{6EC3EE1D-3C4E-46DD-8F32-0CC8E7565705}") = "ReverseString", "reverse-string\ReverseString.fsproj", "{E10E877D-E8C9-4044-B7DA-DFECC9726635}"
EndProject
Project("{6EC3EE1D-3C4E-46DD-8F32-0CC8E7565705}") = "RnaTranscription", "rna-transcription\RnaTranscription.fsproj", "{69C92FF8-A81F-4C03-BA33-4BFA0F6BBF41}"
EndProject
Project("{6EC3EE1D-3C4E-46DD-8F32-0CC8E7565705}") = "NucleotideCount", "nucleotide-count\NucleotideCount.fsproj", "{76EF3964-478A-44EE-9D95-1A6925C1FFE1}"
EndProject
Project("{6EC3EE1D-3C4E-46DD-8F32-0CC8E7565705}") = "Pangram", "pangram\Pangram.fsproj", "{51757802-C325-43C5-B4D0-E27439123C37}"
EndProject
Project("{6EC3EE1D-3C4E-46DD-8F32-0CC8E7565705}") = "Etl", "etl\Etl.fsproj", "{3A83929C-40A3-46E8-9BA2-BE6988F0235F}"
EndProject
Project("{6EC3EE1D-3C4E-46DD-8F32-0CC8E7565705}") = "Darts", "darts\Darts.fsproj", "{A29CB9BF-58F3-4FF5-AFEC-F67BB3E5522F}"
EndProject
Project("{6EC3EE1D-3C4E-46DD-8F32-0CC8E7565705}") = "HighScores", "high-scores\HighScores.fsproj", "{87F2B5F7-C48E-4319-8899-469155AF0E1D}"
EndProject
Project("{6EC3EE1D-3C4E-46DD-8F32-0CC8E7565705}") = "Triangle", "triangle\Triangle.fsproj", "{F9FD1E21-DDA8-428C-927F-CDE58DA35AF8}"
EndProject
Project("{6EC3EE1D-3C4E-46DD-8F32-0CC8E7565705}") = "RobotName", "robot-name\RobotName.fsproj", "{EA96A515-AD9E-4BEA-8879-34ADE3973C88}"
EndProject
Project("{6EC3EE1D-3C4E-46DD-8F32-0CC8E7565705}") = "ErrorHandling", "error-handling\ErrorHandling.fsproj", "{86ABC9D8-EFAD-4323-97C2-B7541693AE8C}"
EndProject
Project("{6EC3EE1D-3C4E-46DD-8F32-0CC8E7565705}") = "ScrabbleScore", "scrabble-score\ScrabbleScore.fsproj", "{7933ACC6-0199-4458-A347-A695AFBA83DC}"
EndProject
Project("{6EC3EE1D-3C4E-46DD-8F32-0CC8E7565705}") = "Proverb", "proverb\Proverb.fsproj", "{881F1C84-D66E-41AF-81FB-A2FA80060AFD}"
EndProject
Project("{6EC3EE1D-3C4E-46DD-8F32-0CC8E7565705}") = "ProteinTranslation", "protein-translation\ProteinTranslation.fsproj", "{6DE4B7D2-5BCA-45E0-B94B-C661A29CD04E}"
EndProject
Project("{6EC3EE1D-3C4E-46DD-8F32-0CC8E7565705}") = "Strain", "strain\Strain.fsproj", "{0EAAEBDD-3DCF-4305-9B10-CF225784542B}"
EndProject
Project("{6EC3EE1D-3C4E-46DD-8F32-0CC8E7565705}") = "Isogram", "isogram\Isogram.fsproj", "{B21B8D26-0B8A-4DEC-837E-277675293EAB}"
EndProject
Project("{6EC3EE1D-3C4E-46DD-8F32-0CC8E7565705}") = "Sieve", "sieve\Sieve.fsproj", "{9C9F33F3-FACA-4618-9188-73E4E16BF65F}"
EndProject
Project("{6EC3EE1D-3C4E-46DD-8F32-0CC8E7565705}") = "PhoneNumber", "phone-number\PhoneNumber.fsproj", "{C105CAAA-1875-44C7-B383-67F7ED353626}"
EndProject
Project("{6EC3EE1D-3C4E-46DD-8F32-0CC8E7565705}") = "PerfectNumbers", "perfect-numbers\PerfectNumbers.fsproj", "{6851DB3F-F96E-41F5-8D9F-2E01D5E856ED}"
EndProject
Project("{6EC3EE1D-3C4E-46DD-8F32-0CC8E7565705}") = "BinarySearch", "binary-search\BinarySearch.fsproj", "{3A62056E-2583-4B61-9885-944458AC4E05}"
EndProject
Project("{6EC3EE1D-3C4E-46DD-8F32-0CC8E7565705}") = "SecretHandshake", "secret-handshake\SecretHandshake.fsproj", "{75A983C0-E25B-4BE7-8CFB-78C6F240CE90}"
EndProject
Project("{6EC3EE1D-3C4E-46DD-8F32-0CC8E7565705}") = "WordCount", "word-count\WordCount.fsproj", "{C36632E2-7E8D-466D-AF2A-5C7FB037B481}"
EndProject
Project("{6EC3EE1D-3C4E-46DD-8F32-0CC8E7565705}") = "TwelveDays", "twelve-days\TwelveDays.fsproj", "{D4BC47B2-B02E-4C07-908E-AAF61833BEBD}"
EndProject
Project("{6EC3EE1D-3C4E-46DD-8F32-0CC8E7565705}") = "Meetup", "meetup\Meetup.fsproj", "{7D643DA6-EB83-4969-9E01-6E7012F86CD3}"
EndProject
Project("{6EC3EE1D-3C4E-46DD-8F32-0CC8E7565705}") = "Anagram", "anagram\Anagram.fsproj", "{CE6968C6-9D25-49B9-AB0A-587820A00E00}"
EndProject
Project("{6EC3EE1D-3C4E-46DD-8F32-0CC8E7565705}") = "Series", "series\Series.fsproj", "{6D723417-18A3-4F8D-A139-67FF6FDEE0F0}"
EndProject
Project("{6EC3EE1D-3C4E-46DD-8F32-0CC8E7565705}") = "SimpleLinkedList", "simple-linked-list\SimpleLinkedList.fsproj", "{B83B67A9-B948-449C-84A8-CA60B77F5565}"
EndProject
Project("{6EC3EE1D-3C4E-46DD-8F32-0CC8E7565705}") = "Acronym", "acronym\Acronym.fsproj", "{C0B61AC3-A2F9-4963-814F-BE61DD2B31CE}"
EndProject
Project("{6EC3EE1D-3C4E-46DD-8F32-0CC8E7565705}") = "Matrix", "matrix\Matrix.fsproj", "{145BD0C2-C698-406F-B2A3-EFB5E5DC4AC6}"
EndProject
Project("{6EC3EE1D-3C4E-46DD-8F32-0CC8E7565705}") = "AllYourBase", "all-your-base\AllYourBase.fsproj", "{C75D71EB-5E01-46C9-913D-8ED4EE848CD9}"
EndProject
Project("{6EC3EE1D-3C4E-46DD-8F32-0CC8E7565705}") = "LargestSeriesProduct", "largest-series-product\LargestSeriesProduct.fsproj", "{5E37D3CA-2EA3-43C2-AF36-614AD9CD217C}"
EndProject
Project("{6EC3EE1D-3C4E-46DD-8F32-0CC8E7565705}") = "House", "house\House.fsproj", "{EE8E885E-5248-47DC-B202-C12C5178BF44}"
EndProject
Project("{6EC3EE1D-3C4E-46DD-8F32-0CC8E7565705}") = "PythagoreanTriplet", "pythagorean-triplet\PythagoreanTriplet.fsproj", "{67C93600-DC8C-4E06-8DD7-2C8F09F90969}"
EndProject
Project("{6EC3EE1D-3C4E-46DD-8F32-0CC8E7565705}") = "SaddlePoints", "saddle-points\SaddlePoints.fsproj", "{10050A0E-53AE-42FC-9500-593A2F5332A0}"
EndProject
Project("{6EC3EE1D-3C4E-46DD-8F32-0CC8E7565705}") = "PascalsTriangle", "pascals-triangle\PascalsTriangle.fsproj", "{D50EC668-098D-48B4-A558-68581345852E}"
EndProject
Project("{F2A71F9B-5D33-465A-A702-920D77279786}") = "ListOps", "list-ops\ListOps.fsproj", "{4F19D3A8-956A-4E7C-8E58-978C8AB97265}"
EndProject
Project("{F2A71F9B-5D33-465A-A702-920D77279786}") = "PrimeFactors", "prime-factors\PrimeFactors.fsproj", "{4035FDAE-E771-4405-893A-C04DE936AA42}"
EndProject
Project("{F2A71F9B-5D33-465A-A702-920D77279786}") = "IsbnVerifier", "isbn-verifier\IsbnVerifier.fsproj", "{1CD5D37C-0DF6-40AA-8683-24401CE0DC32}"
EndProject
Project("{F2A71F9B-5D33-465A-A702-920D77279786}") = "RomanNumerals", "roman-numerals\RomanNumerals.fsproj", "{913F94CA-4DF7-4228-9274-E66D3DBC5869}"
EndProject
Project("{F2A71F9B-5D33-465A-A702-920D77279786}") = "ParallelLetterFrequency", "parallel-letter-frequency\ParallelLetterFrequency.fsproj", "{0B381B05-6E3F-42DD-ABB7-17223114BE37}"
EndProject
Project("{F2A71F9B-5D33-465A-A702-920D77279786}") = "LinkedList", "linked-list\LinkedList.fsproj", "{1261AD80-2CB9-4B56-B97A-08C1E6A4546F}"
EndProject
Project("{F2A71F9B-5D33-465A-A702-920D77279786}") = "DotDsl", "dot-dsl\DotDsl.fsproj", "{7708E7A9-D699-4B9E-9E79-8054186C8C81}"
EndProject
Project("{F2A71F9B-5D33-465A-A702-920D77279786}") = "SimpleCipher", "simple-cipher\SimpleCipher.fsproj", "{9BA6AA61-5F1D-442D-9EB2-4229AFD27E3A}"
EndProject
Project("{F2A71F9B-5D33-465A-A702-920D77279786}") = "RotationalCipher", "rotational-cipher\RotationalCipher.fsproj", "{0A2DAFDA-B5C3-4FEE-BAE1-939BD73E30FD}"
EndProject
Project("{F2A71F9B-5D33-465A-A702-920D77279786}") = "ScaleGenerator", "scale-generator\ScaleGenerator.fsproj", "{50E807A9-731A-4E33-9921-205483CBCB08}"
EndProject
Project("{F2A71F9B-5D33-465A-A702-920D77279786}") = "AtbashCipher", "atbash-cipher\AtbashCipher.fsproj", "{D8ABA5FF-4D6A-4FA1-B9B0-A05EC40836DC}"
EndProject
Project("{F2A71F9B-5D33-465A-A702-920D77279786}") = "FoodChain", "food-chain\FoodChain.fsproj", "{56689FDB-973D-4BCD-8AF9-5BA82AA7B0C0}"
EndProject
Project("{F2A71F9B-5D33-465A-A702-920D77279786}") = "Grep", "grep\Grep.fsproj", "{4489F367-05BE-4856-B95D-7C11EDC71236}"
EndProject
Project("{F2A71F9B-5D33-465A-A702-920D77279786}") = "CustomSet", "custom-set\CustomSet.fsproj", "{487F5E24-070E-4DB9-8EBB-5B9E42896B81}"
EndProject
Project("{F2A71F9B-5D33-465A-A702-920D77279786}") = "CryptoSquare", "crypto-square\CryptoSquare.fsproj", "{DADBA746-C4C4-4F69-B93E-3102BE8ADC83}"
EndProject
Project("{F2A71F9B-5D33-465A-A702-920D77279786}") = "Ledger", "ledger\Ledger.fsproj", "{B3CA847B-23A2-4B97-8105-23BA87F333CB}"
EndProject
Project("{F2A71F9B-5D33-465A-A702-920D77279786}") = "CircularBuffer", "circular-buffer\CircularBuffer.fsproj", "{386B697C-B11A-455C-BB79-16CBC12154B6}"
EndProject
Project("{F2A71F9B-5D33-465A-A702-920D77279786}") = "Luhn", "luhn\Luhn.fsproj", "{E99B965F-49B9-467B-96D8-C8A5AFCE705F}"
EndProject
Project("{F2A71F9B-5D33-465A-A702-920D77279786}") = "BankAccount", "bank-account\BankAccount.fsproj", "{997981D6-8C57-493E-AFED-0B6D1734194A}"
EndProject
Project("{F2A71F9B-5D33-465A-A702-920D77279786}") = "Markdown", "markdown\Markdown.fsproj", "{D4A3B8C0-2EA5-4CEB-B90E-4AB2263D6C8A}"
EndProject
Project("{F2A71F9B-5D33-465A-A702-920D77279786}") = "RunLengthEncoding", "run-length-encoding\RunLengthEncoding.fsproj", "{74D8A43F-4644-43C6-945B-257F95BAAFCC}"
EndProject
Project("{F2A71F9B-5D33-465A-A702-920D77279786}") = "BookStore", "book-store\BookStore.fsproj", "{52F26073-20E8-43D9-95AB-B0807C6C538C}"
EndProject
Project("{F2A71F9B-5D33-465A-A702-920D77279786}") = "SpiralMatrix", "spiral-matrix\SpiralMatrix.fsproj", "{293EB30A-AD9C-409C-B6ED-AC32401A62D9}"
EndProject
Project("{F2A71F9B-5D33-465A-A702-920D77279786}") = "Yacht", "yacht\Yacht.fsproj", "{F445C862-7639-4402-9FDF-188AC5E7A2AF}"
EndProject
Project("{F2A71F9B-5D33-465A-A702-920D77279786}") = "Tournament", "tournament\Tournament.fsproj", "{83D85472-8D28-48B7-9DA0-B4344312C2F0}"
EndProject
Global
	GlobalSection(SolutionConfigurationPlatforms) = preSolution
		Debug|Any CPU = Debug|Any CPU
		Release|Any CPU = Release|Any CPU
	EndGlobalSection
	GlobalSection(ProjectConfigurationPlatforms) = postSolution
		{6226B393-D33E-47F0-9048-A65DE2BA7F53}.Debug|Any CPU.ActiveCfg = Debug|Any CPU
		{6226B393-D33E-47F0-9048-A65DE2BA7F53}.Debug|Any CPU.Build.0 = Debug|Any CPU
		{6226B393-D33E-47F0-9048-A65DE2BA7F53}.Release|Any CPU.ActiveCfg = Release|Any CPU
		{6226B393-D33E-47F0-9048-A65DE2BA7F53}.Release|Any CPU.Build.0 = Release|Any CPU
		{D5B8FC58-1073-4BDB-8445-A4D6E66F05E2}.Debug|Any CPU.ActiveCfg = Debug|Any CPU
		{D5B8FC58-1073-4BDB-8445-A4D6E66F05E2}.Debug|Any CPU.Build.0 = Debug|Any CPU
		{D5B8FC58-1073-4BDB-8445-A4D6E66F05E2}.Release|Any CPU.ActiveCfg = Release|Any CPU
		{D5B8FC58-1073-4BDB-8445-A4D6E66F05E2}.Release|Any CPU.Build.0 = Release|Any CPU
		{A8D20CD6-267F-477A-8025-0DD1106E2911}.Debug|Any CPU.ActiveCfg = Debug|Any CPU
		{A8D20CD6-267F-477A-8025-0DD1106E2911}.Debug|Any CPU.Build.0 = Debug|Any CPU
		{A8D20CD6-267F-477A-8025-0DD1106E2911}.Release|Any CPU.ActiveCfg = Release|Any CPU
		{A8D20CD6-267F-477A-8025-0DD1106E2911}.Release|Any CPU.Build.0 = Release|Any CPU
		{0F1355CC-4BBF-4373-AA16-387E632D236D}.Debug|Any CPU.ActiveCfg = Debug|Any CPU
		{0F1355CC-4BBF-4373-AA16-387E632D236D}.Debug|Any CPU.Build.0 = Debug|Any CPU
		{0F1355CC-4BBF-4373-AA16-387E632D236D}.Release|Any CPU.ActiveCfg = Release|Any CPU
		{0F1355CC-4BBF-4373-AA16-387E632D236D}.Release|Any CPU.Build.0 = Release|Any CPU
		{7F7A2518-BE93-4EC6-BCE9-705AAACDDCDE}.Debug|Any CPU.ActiveCfg = Debug|Any CPU
		{7F7A2518-BE93-4EC6-BCE9-705AAACDDCDE}.Debug|Any CPU.Build.0 = Debug|Any CPU
		{7F7A2518-BE93-4EC6-BCE9-705AAACDDCDE}.Release|Any CPU.ActiveCfg = Release|Any CPU
		{7F7A2518-BE93-4EC6-BCE9-705AAACDDCDE}.Release|Any CPU.Build.0 = Release|Any CPU
		{29F1E759-0125-409A-A952-2621C034835F}.Debug|Any CPU.ActiveCfg = Debug|Any CPU
		{29F1E759-0125-409A-A952-2621C034835F}.Debug|Any CPU.Build.0 = Debug|Any CPU
		{29F1E759-0125-409A-A952-2621C034835F}.Release|Any CPU.ActiveCfg = Release|Any CPU
		{29F1E759-0125-409A-A952-2621C034835F}.Release|Any CPU.Build.0 = Release|Any CPU
		{57871C87-8ACA-47A1-9712-B1BE17BBF18A}.Debug|Any CPU.ActiveCfg = Debug|Any CPU
		{57871C87-8ACA-47A1-9712-B1BE17BBF18A}.Debug|Any CPU.Build.0 = Debug|Any CPU
		{57871C87-8ACA-47A1-9712-B1BE17BBF18A}.Release|Any CPU.ActiveCfg = Release|Any CPU
		{57871C87-8ACA-47A1-9712-B1BE17BBF18A}.Release|Any CPU.Build.0 = Release|Any CPU
		{CF29527E-CD86-4D5E-BAB1-5C555875693C}.Debug|Any CPU.ActiveCfg = Debug|Any CPU
		{CF29527E-CD86-4D5E-BAB1-5C555875693C}.Debug|Any CPU.Build.0 = Debug|Any CPU
		{CF29527E-CD86-4D5E-BAB1-5C555875693C}.Release|Any CPU.ActiveCfg = Release|Any CPU
		{CF29527E-CD86-4D5E-BAB1-5C555875693C}.Release|Any CPU.Build.0 = Release|Any CPU
		{0CFA55BA-FD60-4E77-93BA-AFFC13052BBB}.Debug|Any CPU.ActiveCfg = Debug|Any CPU
		{0CFA55BA-FD60-4E77-93BA-AFFC13052BBB}.Debug|Any CPU.Build.0 = Debug|Any CPU
		{0CFA55BA-FD60-4E77-93BA-AFFC13052BBB}.Release|Any CPU.ActiveCfg = Release|Any CPU
		{0CFA55BA-FD60-4E77-93BA-AFFC13052BBB}.Release|Any CPU.Build.0 = Release|Any CPU
		{2D516224-76BB-421F-9E1C-66D9F8A0A8FF}.Debug|Any CPU.ActiveCfg = Debug|Any CPU
		{2D516224-76BB-421F-9E1C-66D9F8A0A8FF}.Debug|Any CPU.Build.0 = Debug|Any CPU
		{2D516224-76BB-421F-9E1C-66D9F8A0A8FF}.Release|Any CPU.ActiveCfg = Release|Any CPU
		{2D516224-76BB-421F-9E1C-66D9F8A0A8FF}.Release|Any CPU.Build.0 = Release|Any CPU
		{E896DF87-31E3-4164-8AAF-C560FF8238BF}.Debug|Any CPU.ActiveCfg = Debug|Any CPU
		{E896DF87-31E3-4164-8AAF-C560FF8238BF}.Debug|Any CPU.Build.0 = Debug|Any CPU
		{E896DF87-31E3-4164-8AAF-C560FF8238BF}.Release|Any CPU.ActiveCfg = Release|Any CPU
		{E896DF87-31E3-4164-8AAF-C560FF8238BF}.Release|Any CPU.Build.0 = Release|Any CPU
		{FA6E52F6-5DAD-4468-940B-671BB4688916}.Debug|Any CPU.ActiveCfg = Debug|Any CPU
		{FA6E52F6-5DAD-4468-940B-671BB4688916}.Debug|Any CPU.Build.0 = Debug|Any CPU
		{FA6E52F6-5DAD-4468-940B-671BB4688916}.Release|Any CPU.ActiveCfg = Release|Any CPU
		{FA6E52F6-5DAD-4468-940B-671BB4688916}.Release|Any CPU.Build.0 = Release|Any CPU
		{409709DB-8DD0-4D9C-92FA-565C5454B0D6}.Debug|Any CPU.ActiveCfg = Debug|Any CPU
		{409709DB-8DD0-4D9C-92FA-565C5454B0D6}.Debug|Any CPU.Build.0 = Debug|Any CPU
		{409709DB-8DD0-4D9C-92FA-565C5454B0D6}.Release|Any CPU.ActiveCfg = Release|Any CPU
		{409709DB-8DD0-4D9C-92FA-565C5454B0D6}.Release|Any CPU.Build.0 = Release|Any CPU
		{6368850E-9DF1-492A-8DB4-2BB4DD95ECB6}.Debug|Any CPU.ActiveCfg = Debug|Any CPU
		{6368850E-9DF1-492A-8DB4-2BB4DD95ECB6}.Debug|Any CPU.Build.0 = Debug|Any CPU
		{6368850E-9DF1-492A-8DB4-2BB4DD95ECB6}.Release|Any CPU.ActiveCfg = Release|Any CPU
		{6368850E-9DF1-492A-8DB4-2BB4DD95ECB6}.Release|Any CPU.Build.0 = Release|Any CPU
		{59438643-0654-40AD-ADE6-D6A380C1BBB2}.Debug|Any CPU.ActiveCfg = Debug|Any CPU
		{59438643-0654-40AD-ADE6-D6A380C1BBB2}.Debug|Any CPU.Build.0 = Debug|Any CPU
		{59438643-0654-40AD-ADE6-D6A380C1BBB2}.Release|Any CPU.ActiveCfg = Release|Any CPU
		{59438643-0654-40AD-ADE6-D6A380C1BBB2}.Release|Any CPU.Build.0 = Release|Any CPU
		{57EC52FF-2C1B-4E7A-ABDF-DFD46A121AB4}.Debug|Any CPU.ActiveCfg = Debug|Any CPU
		{57EC52FF-2C1B-4E7A-ABDF-DFD46A121AB4}.Debug|Any CPU.Build.0 = Debug|Any CPU
		{57EC52FF-2C1B-4E7A-ABDF-DFD46A121AB4}.Release|Any CPU.ActiveCfg = Release|Any CPU
		{57EC52FF-2C1B-4E7A-ABDF-DFD46A121AB4}.Release|Any CPU.Build.0 = Release|Any CPU
		{B154B5BD-466E-4FA8-BA2A-292D1A8F04F4}.Debug|Any CPU.ActiveCfg = Debug|Any CPU
		{B154B5BD-466E-4FA8-BA2A-292D1A8F04F4}.Debug|Any CPU.Build.0 = Debug|Any CPU
		{B154B5BD-466E-4FA8-BA2A-292D1A8F04F4}.Release|Any CPU.ActiveCfg = Release|Any CPU
		{B154B5BD-466E-4FA8-BA2A-292D1A8F04F4}.Release|Any CPU.Build.0 = Release|Any CPU
		{C7DD0347-18C6-4D0F-A9BB-1328EE17AE68}.Debug|Any CPU.ActiveCfg = Debug|Any CPU
		{C7DD0347-18C6-4D0F-A9BB-1328EE17AE68}.Debug|Any CPU.Build.0 = Debug|Any CPU
		{C7DD0347-18C6-4D0F-A9BB-1328EE17AE68}.Release|Any CPU.ActiveCfg = Release|Any CPU
		{C7DD0347-18C6-4D0F-A9BB-1328EE17AE68}.Release|Any CPU.Build.0 = Release|Any CPU
		{F0D69871-FB4D-44D7-AED5-AC3A76C11F5B}.Debug|Any CPU.ActiveCfg = Debug|Any CPU
		{F0D69871-FB4D-44D7-AED5-AC3A76C11F5B}.Debug|Any CPU.Build.0 = Debug|Any CPU
		{F0D69871-FB4D-44D7-AED5-AC3A76C11F5B}.Release|Any CPU.ActiveCfg = Release|Any CPU
		{F0D69871-FB4D-44D7-AED5-AC3A76C11F5B}.Release|Any CPU.Build.0 = Release|Any CPU
		{22B3BDA4-CC07-4561-8314-E2C1677DDD0C}.Debug|Any CPU.ActiveCfg = Debug|Any CPU
		{22B3BDA4-CC07-4561-8314-E2C1677DDD0C}.Debug|Any CPU.Build.0 = Debug|Any CPU
		{22B3BDA4-CC07-4561-8314-E2C1677DDD0C}.Release|Any CPU.ActiveCfg = Release|Any CPU
		{22B3BDA4-CC07-4561-8314-E2C1677DDD0C}.Release|Any CPU.Build.0 = Release|Any CPU
		{31D6E91D-FA61-4A9D-BC34-8BABF3BCA599}.Debug|Any CPU.ActiveCfg = Debug|Any CPU
		{31D6E91D-FA61-4A9D-BC34-8BABF3BCA599}.Debug|Any CPU.Build.0 = Debug|Any CPU
		{31D6E91D-FA61-4A9D-BC34-8BABF3BCA599}.Release|Any CPU.ActiveCfg = Release|Any CPU
		{31D6E91D-FA61-4A9D-BC34-8BABF3BCA599}.Release|Any CPU.Build.0 = Release|Any CPU
		{DF8ACDD1-3ED5-4A3A-9257-090AAE8716C3}.Debug|Any CPU.ActiveCfg = Debug|Any CPU
		{DF8ACDD1-3ED5-4A3A-9257-090AAE8716C3}.Debug|Any CPU.Build.0 = Debug|Any CPU
		{DF8ACDD1-3ED5-4A3A-9257-090AAE8716C3}.Release|Any CPU.ActiveCfg = Release|Any CPU
		{DF8ACDD1-3ED5-4A3A-9257-090AAE8716C3}.Release|Any CPU.Build.0 = Release|Any CPU
		{F9483A96-F847-47F0-891C-3A6965208148}.Debug|Any CPU.ActiveCfg = Debug|Any CPU
		{F9483A96-F847-47F0-891C-3A6965208148}.Debug|Any CPU.Build.0 = Debug|Any CPU
		{F9483A96-F847-47F0-891C-3A6965208148}.Release|Any CPU.ActiveCfg = Release|Any CPU
		{F9483A96-F847-47F0-891C-3A6965208148}.Release|Any CPU.Build.0 = Release|Any CPU
		{2D55F4F5-EA4E-44CD-A212-B65D46A09D1A}.Debug|Any CPU.ActiveCfg = Debug|Any CPU
		{2D55F4F5-EA4E-44CD-A212-B65D46A09D1A}.Debug|Any CPU.Build.0 = Debug|Any CPU
		{2D55F4F5-EA4E-44CD-A212-B65D46A09D1A}.Release|Any CPU.ActiveCfg = Release|Any CPU
		{2D55F4F5-EA4E-44CD-A212-B65D46A09D1A}.Release|Any CPU.Build.0 = Release|Any CPU
		{A1CB5A55-2710-4564-ADDA-2F77675BF85A}.Debug|Any CPU.ActiveCfg = Debug|Any CPU
		{A1CB5A55-2710-4564-ADDA-2F77675BF85A}.Debug|Any CPU.Build.0 = Debug|Any CPU
		{A1CB5A55-2710-4564-ADDA-2F77675BF85A}.Release|Any CPU.ActiveCfg = Release|Any CPU
		{A1CB5A55-2710-4564-ADDA-2F77675BF85A}.Release|Any CPU.Build.0 = Release|Any CPU
		{E10E877D-E8C9-4044-B7DA-DFECC9726635}.Debug|Any CPU.ActiveCfg = Debug|Any CPU
		{E10E877D-E8C9-4044-B7DA-DFECC9726635}.Debug|Any CPU.Build.0 = Debug|Any CPU
		{E10E877D-E8C9-4044-B7DA-DFECC9726635}.Release|Any CPU.ActiveCfg = Release|Any CPU
		{E10E877D-E8C9-4044-B7DA-DFECC9726635}.Release|Any CPU.Build.0 = Release|Any CPU
		{69C92FF8-A81F-4C03-BA33-4BFA0F6BBF41}.Debug|Any CPU.ActiveCfg = Debug|Any CPU
		{69C92FF8-A81F-4C03-BA33-4BFA0F6BBF41}.Debug|Any CPU.Build.0 = Debug|Any CPU
		{69C92FF8-A81F-4C03-BA33-4BFA0F6BBF41}.Release|Any CPU.ActiveCfg = Release|Any CPU
		{69C92FF8-A81F-4C03-BA33-4BFA0F6BBF41}.Release|Any CPU.Build.0 = Release|Any CPU
		{76EF3964-478A-44EE-9D95-1A6925C1FFE1}.Debug|Any CPU.ActiveCfg = Debug|Any CPU
		{76EF3964-478A-44EE-9D95-1A6925C1FFE1}.Debug|Any CPU.Build.0 = Debug|Any CPU
		{76EF3964-478A-44EE-9D95-1A6925C1FFE1}.Release|Any CPU.ActiveCfg = Release|Any CPU
		{76EF3964-478A-44EE-9D95-1A6925C1FFE1}.Release|Any CPU.Build.0 = Release|Any CPU
		{51757802-C325-43C5-B4D0-E27439123C37}.Debug|Any CPU.ActiveCfg = Debug|Any CPU
		{51757802-C325-43C5-B4D0-E27439123C37}.Debug|Any CPU.Build.0 = Debug|Any CPU
		{51757802-C325-43C5-B4D0-E27439123C37}.Release|Any CPU.ActiveCfg = Release|Any CPU
		{51757802-C325-43C5-B4D0-E27439123C37}.Release|Any CPU.Build.0 = Release|Any CPU
		{3A83929C-40A3-46E8-9BA2-BE6988F0235F}.Debug|Any CPU.ActiveCfg = Debug|Any CPU
		{3A83929C-40A3-46E8-9BA2-BE6988F0235F}.Debug|Any CPU.Build.0 = Debug|Any CPU
		{3A83929C-40A3-46E8-9BA2-BE6988F0235F}.Release|Any CPU.ActiveCfg = Release|Any CPU
		{3A83929C-40A3-46E8-9BA2-BE6988F0235F}.Release|Any CPU.Build.0 = Release|Any CPU
		{A29CB9BF-58F3-4FF5-AFEC-F67BB3E5522F}.Debug|Any CPU.ActiveCfg = Debug|Any CPU
		{A29CB9BF-58F3-4FF5-AFEC-F67BB3E5522F}.Debug|Any CPU.Build.0 = Debug|Any CPU
		{A29CB9BF-58F3-4FF5-AFEC-F67BB3E5522F}.Release|Any CPU.ActiveCfg = Release|Any CPU
		{A29CB9BF-58F3-4FF5-AFEC-F67BB3E5522F}.Release|Any CPU.Build.0 = Release|Any CPU
		{87F2B5F7-C48E-4319-8899-469155AF0E1D}.Debug|Any CPU.ActiveCfg = Debug|Any CPU
		{87F2B5F7-C48E-4319-8899-469155AF0E1D}.Debug|Any CPU.Build.0 = Debug|Any CPU
		{87F2B5F7-C48E-4319-8899-469155AF0E1D}.Release|Any CPU.ActiveCfg = Release|Any CPU
		{87F2B5F7-C48E-4319-8899-469155AF0E1D}.Release|Any CPU.Build.0 = Release|Any CPU
		{F9FD1E21-DDA8-428C-927F-CDE58DA35AF8}.Debug|Any CPU.ActiveCfg = Debug|Any CPU
		{F9FD1E21-DDA8-428C-927F-CDE58DA35AF8}.Debug|Any CPU.Build.0 = Debug|Any CPU
		{F9FD1E21-DDA8-428C-927F-CDE58DA35AF8}.Release|Any CPU.ActiveCfg = Release|Any CPU
		{F9FD1E21-DDA8-428C-927F-CDE58DA35AF8}.Release|Any CPU.Build.0 = Release|Any CPU
		{EA96A515-AD9E-4BEA-8879-34ADE3973C88}.Debug|Any CPU.ActiveCfg = Debug|Any CPU
		{EA96A515-AD9E-4BEA-8879-34ADE3973C88}.Debug|Any CPU.Build.0 = Debug|Any CPU
		{EA96A515-AD9E-4BEA-8879-34ADE3973C88}.Release|Any CPU.ActiveCfg = Release|Any CPU
		{EA96A515-AD9E-4BEA-8879-34ADE3973C88}.Release|Any CPU.Build.0 = Release|Any CPU
		{86ABC9D8-EFAD-4323-97C2-B7541693AE8C}.Debug|Any CPU.ActiveCfg = Debug|Any CPU
		{86ABC9D8-EFAD-4323-97C2-B7541693AE8C}.Debug|Any CPU.Build.0 = Debug|Any CPU
		{86ABC9D8-EFAD-4323-97C2-B7541693AE8C}.Release|Any CPU.ActiveCfg = Release|Any CPU
		{86ABC9D8-EFAD-4323-97C2-B7541693AE8C}.Release|Any CPU.Build.0 = Release|Any CPU
		{7933ACC6-0199-4458-A347-A695AFBA83DC}.Debug|Any CPU.ActiveCfg = Debug|Any CPU
		{7933ACC6-0199-4458-A347-A695AFBA83DC}.Debug|Any CPU.Build.0 = Debug|Any CPU
		{7933ACC6-0199-4458-A347-A695AFBA83DC}.Release|Any CPU.ActiveCfg = Release|Any CPU
		{7933ACC6-0199-4458-A347-A695AFBA83DC}.Release|Any CPU.Build.0 = Release|Any CPU
		{881F1C84-D66E-41AF-81FB-A2FA80060AFD}.Debug|Any CPU.ActiveCfg = Debug|Any CPU
		{881F1C84-D66E-41AF-81FB-A2FA80060AFD}.Debug|Any CPU.Build.0 = Debug|Any CPU
		{881F1C84-D66E-41AF-81FB-A2FA80060AFD}.Release|Any CPU.ActiveCfg = Release|Any CPU
		{881F1C84-D66E-41AF-81FB-A2FA80060AFD}.Release|Any CPU.Build.0 = Release|Any CPU
		{6DE4B7D2-5BCA-45E0-B94B-C661A29CD04E}.Debug|Any CPU.ActiveCfg = Debug|Any CPU
		{6DE4B7D2-5BCA-45E0-B94B-C661A29CD04E}.Debug|Any CPU.Build.0 = Debug|Any CPU
		{6DE4B7D2-5BCA-45E0-B94B-C661A29CD04E}.Release|Any CPU.ActiveCfg = Release|Any CPU
		{6DE4B7D2-5BCA-45E0-B94B-C661A29CD04E}.Release|Any CPU.Build.0 = Release|Any CPU
		{0EAAEBDD-3DCF-4305-9B10-CF225784542B}.Debug|Any CPU.ActiveCfg = Debug|Any CPU
		{0EAAEBDD-3DCF-4305-9B10-CF225784542B}.Debug|Any CPU.Build.0 = Debug|Any CPU
		{0EAAEBDD-3DCF-4305-9B10-CF225784542B}.Release|Any CPU.ActiveCfg = Release|Any CPU
		{0EAAEBDD-3DCF-4305-9B10-CF225784542B}.Release|Any CPU.Build.0 = Release|Any CPU
		{B21B8D26-0B8A-4DEC-837E-277675293EAB}.Debug|Any CPU.ActiveCfg = Debug|Any CPU
		{B21B8D26-0B8A-4DEC-837E-277675293EAB}.Debug|Any CPU.Build.0 = Debug|Any CPU
		{B21B8D26-0B8A-4DEC-837E-277675293EAB}.Release|Any CPU.ActiveCfg = Release|Any CPU
		{B21B8D26-0B8A-4DEC-837E-277675293EAB}.Release|Any CPU.Build.0 = Release|Any CPU
		{9C9F33F3-FACA-4618-9188-73E4E16BF65F}.Debug|Any CPU.ActiveCfg = Debug|Any CPU
		{9C9F33F3-FACA-4618-9188-73E4E16BF65F}.Debug|Any CPU.Build.0 = Debug|Any CPU
		{9C9F33F3-FACA-4618-9188-73E4E16BF65F}.Release|Any CPU.ActiveCfg = Release|Any CPU
		{9C9F33F3-FACA-4618-9188-73E4E16BF65F}.Release|Any CPU.Build.0 = Release|Any CPU
		{C105CAAA-1875-44C7-B383-67F7ED353626}.Debug|Any CPU.ActiveCfg = Debug|Any CPU
		{C105CAAA-1875-44C7-B383-67F7ED353626}.Debug|Any CPU.Build.0 = Debug|Any CPU
		{C105CAAA-1875-44C7-B383-67F7ED353626}.Release|Any CPU.ActiveCfg = Release|Any CPU
		{C105CAAA-1875-44C7-B383-67F7ED353626}.Release|Any CPU.Build.0 = Release|Any CPU
		{6851DB3F-F96E-41F5-8D9F-2E01D5E856ED}.Debug|Any CPU.ActiveCfg = Debug|Any CPU
		{6851DB3F-F96E-41F5-8D9F-2E01D5E856ED}.Debug|Any CPU.Build.0 = Debug|Any CPU
		{6851DB3F-F96E-41F5-8D9F-2E01D5E856ED}.Release|Any CPU.ActiveCfg = Release|Any CPU
		{6851DB3F-F96E-41F5-8D9F-2E01D5E856ED}.Release|Any CPU.Build.0 = Release|Any CPU
		{3A62056E-2583-4B61-9885-944458AC4E05}.Debug|Any CPU.ActiveCfg = Debug|Any CPU
		{3A62056E-2583-4B61-9885-944458AC4E05}.Debug|Any CPU.Build.0 = Debug|Any CPU
		{3A62056E-2583-4B61-9885-944458AC4E05}.Release|Any CPU.ActiveCfg = Release|Any CPU
		{3A62056E-2583-4B61-9885-944458AC4E05}.Release|Any CPU.Build.0 = Release|Any CPU
		{75A983C0-E25B-4BE7-8CFB-78C6F240CE90}.Debug|Any CPU.ActiveCfg = Debug|Any CPU
		{75A983C0-E25B-4BE7-8CFB-78C6F240CE90}.Debug|Any CPU.Build.0 = Debug|Any CPU
		{75A983C0-E25B-4BE7-8CFB-78C6F240CE90}.Release|Any CPU.ActiveCfg = Release|Any CPU
		{75A983C0-E25B-4BE7-8CFB-78C6F240CE90}.Release|Any CPU.Build.0 = Release|Any CPU
		{C36632E2-7E8D-466D-AF2A-5C7FB037B481}.Debug|Any CPU.ActiveCfg = Debug|Any CPU
		{C36632E2-7E8D-466D-AF2A-5C7FB037B481}.Debug|Any CPU.Build.0 = Debug|Any CPU
		{C36632E2-7E8D-466D-AF2A-5C7FB037B481}.Release|Any CPU.ActiveCfg = Release|Any CPU
		{C36632E2-7E8D-466D-AF2A-5C7FB037B481}.Release|Any CPU.Build.0 = Release|Any CPU
		{D4BC47B2-B02E-4C07-908E-AAF61833BEBD}.Debug|Any CPU.ActiveCfg = Debug|Any CPU
		{D4BC47B2-B02E-4C07-908E-AAF61833BEBD}.Debug|Any CPU.Build.0 = Debug|Any CPU
		{D4BC47B2-B02E-4C07-908E-AAF61833BEBD}.Release|Any CPU.ActiveCfg = Release|Any CPU
		{D4BC47B2-B02E-4C07-908E-AAF61833BEBD}.Release|Any CPU.Build.0 = Release|Any CPU
		{7D643DA6-EB83-4969-9E01-6E7012F86CD3}.Debug|Any CPU.ActiveCfg = Debug|Any CPU
		{7D643DA6-EB83-4969-9E01-6E7012F86CD3}.Debug|Any CPU.Build.0 = Debug|Any CPU
		{7D643DA6-EB83-4969-9E01-6E7012F86CD3}.Release|Any CPU.ActiveCfg = Release|Any CPU
		{7D643DA6-EB83-4969-9E01-6E7012F86CD3}.Release|Any CPU.Build.0 = Release|Any CPU
		{CE6968C6-9D25-49B9-AB0A-587820A00E00}.Debug|Any CPU.ActiveCfg = Debug|Any CPU
		{CE6968C6-9D25-49B9-AB0A-587820A00E00}.Debug|Any CPU.Build.0 = Debug|Any CPU
		{CE6968C6-9D25-49B9-AB0A-587820A00E00}.Release|Any CPU.ActiveCfg = Release|Any CPU
		{CE6968C6-9D25-49B9-AB0A-587820A00E00}.Release|Any CPU.Build.0 = Release|Any CPU
		{6D723417-18A3-4F8D-A139-67FF6FDEE0F0}.Debug|Any CPU.ActiveCfg = Debug|Any CPU
		{6D723417-18A3-4F8D-A139-67FF6FDEE0F0}.Debug|Any CPU.Build.0 = Debug|Any CPU
		{6D723417-18A3-4F8D-A139-67FF6FDEE0F0}.Release|Any CPU.ActiveCfg = Release|Any CPU
		{6D723417-18A3-4F8D-A139-67FF6FDEE0F0}.Release|Any CPU.Build.0 = Release|Any CPU
		{B83B67A9-B948-449C-84A8-CA60B77F5565}.Debug|Any CPU.ActiveCfg = Debug|Any CPU
		{B83B67A9-B948-449C-84A8-CA60B77F5565}.Debug|Any CPU.Build.0 = Debug|Any CPU
		{B83B67A9-B948-449C-84A8-CA60B77F5565}.Release|Any CPU.ActiveCfg = Release|Any CPU
		{B83B67A9-B948-449C-84A8-CA60B77F5565}.Release|Any CPU.Build.0 = Release|Any CPU
		{C0B61AC3-A2F9-4963-814F-BE61DD2B31CE}.Debug|Any CPU.ActiveCfg = Debug|Any CPU
		{C0B61AC3-A2F9-4963-814F-BE61DD2B31CE}.Debug|Any CPU.Build.0 = Debug|Any CPU
		{C0B61AC3-A2F9-4963-814F-BE61DD2B31CE}.Release|Any CPU.ActiveCfg = Release|Any CPU
		{C0B61AC3-A2F9-4963-814F-BE61DD2B31CE}.Release|Any CPU.Build.0 = Release|Any CPU
		{145BD0C2-C698-406F-B2A3-EFB5E5DC4AC6}.Debug|Any CPU.ActiveCfg = Debug|Any CPU
		{145BD0C2-C698-406F-B2A3-EFB5E5DC4AC6}.Debug|Any CPU.Build.0 = Debug|Any CPU
		{145BD0C2-C698-406F-B2A3-EFB5E5DC4AC6}.Release|Any CPU.ActiveCfg = Release|Any CPU
		{145BD0C2-C698-406F-B2A3-EFB5E5DC4AC6}.Release|Any CPU.Build.0 = Release|Any CPU
		{C75D71EB-5E01-46C9-913D-8ED4EE848CD9}.Debug|Any CPU.ActiveCfg = Debug|Any CPU
		{C75D71EB-5E01-46C9-913D-8ED4EE848CD9}.Debug|Any CPU.Build.0 = Debug|Any CPU
		{C75D71EB-5E01-46C9-913D-8ED4EE848CD9}.Release|Any CPU.ActiveCfg = Release|Any CPU
		{C75D71EB-5E01-46C9-913D-8ED4EE848CD9}.Release|Any CPU.Build.0 = Release|Any CPU
		{5E37D3CA-2EA3-43C2-AF36-614AD9CD217C}.Debug|Any CPU.ActiveCfg = Debug|Any CPU
		{5E37D3CA-2EA3-43C2-AF36-614AD9CD217C}.Debug|Any CPU.Build.0 = Debug|Any CPU
		{5E37D3CA-2EA3-43C2-AF36-614AD9CD217C}.Release|Any CPU.ActiveCfg = Release|Any CPU
		{5E37D3CA-2EA3-43C2-AF36-614AD9CD217C}.Release|Any CPU.Build.0 = Release|Any CPU
		{EE8E885E-5248-47DC-B202-C12C5178BF44}.Debug|Any CPU.ActiveCfg = Debug|Any CPU
		{EE8E885E-5248-47DC-B202-C12C5178BF44}.Debug|Any CPU.Build.0 = Debug|Any CPU
		{EE8E885E-5248-47DC-B202-C12C5178BF44}.Release|Any CPU.ActiveCfg = Release|Any CPU
		{EE8E885E-5248-47DC-B202-C12C5178BF44}.Release|Any CPU.Build.0 = Release|Any CPU
		{67C93600-DC8C-4E06-8DD7-2C8F09F90969}.Debug|Any CPU.ActiveCfg = Debug|Any CPU
		{67C93600-DC8C-4E06-8DD7-2C8F09F90969}.Debug|Any CPU.Build.0 = Debug|Any CPU
		{67C93600-DC8C-4E06-8DD7-2C8F09F90969}.Release|Any CPU.ActiveCfg = Release|Any CPU
		{67C93600-DC8C-4E06-8DD7-2C8F09F90969}.Release|Any CPU.Build.0 = Release|Any CPU
		{10050A0E-53AE-42FC-9500-593A2F5332A0}.Debug|Any CPU.ActiveCfg = Debug|Any CPU
		{10050A0E-53AE-42FC-9500-593A2F5332A0}.Debug|Any CPU.Build.0 = Debug|Any CPU
		{10050A0E-53AE-42FC-9500-593A2F5332A0}.Release|Any CPU.ActiveCfg = Release|Any CPU
		{10050A0E-53AE-42FC-9500-593A2F5332A0}.Release|Any CPU.Build.0 = Release|Any CPU
		{D50EC668-098D-48B4-A558-68581345852E}.Debug|Any CPU.ActiveCfg = Debug|Any CPU
		{D50EC668-098D-48B4-A558-68581345852E}.Debug|Any CPU.Build.0 = Debug|Any CPU
		{D50EC668-098D-48B4-A558-68581345852E}.Release|Any CPU.ActiveCfg = Release|Any CPU
		{D50EC668-098D-48B4-A558-68581345852E}.Release|Any CPU.Build.0 = Release|Any CPU
		{4F19D3A8-956A-4E7C-8E58-978C8AB97265}.Debug|Any CPU.ActiveCfg = Debug|Any CPU
		{4F19D3A8-956A-4E7C-8E58-978C8AB97265}.Debug|Any CPU.Build.0 = Debug|Any CPU
		{4F19D3A8-956A-4E7C-8E58-978C8AB97265}.Release|Any CPU.ActiveCfg = Release|Any CPU
		{4F19D3A8-956A-4E7C-8E58-978C8AB97265}.Release|Any CPU.Build.0 = Release|Any CPU
		{4035FDAE-E771-4405-893A-C04DE936AA42}.Debug|Any CPU.ActiveCfg = Debug|Any CPU
		{4035FDAE-E771-4405-893A-C04DE936AA42}.Debug|Any CPU.Build.0 = Debug|Any CPU
		{4035FDAE-E771-4405-893A-C04DE936AA42}.Release|Any CPU.ActiveCfg = Release|Any CPU
		{4035FDAE-E771-4405-893A-C04DE936AA42}.Release|Any CPU.Build.0 = Release|Any CPU
		{1CD5D37C-0DF6-40AA-8683-24401CE0DC32}.Debug|Any CPU.ActiveCfg = Debug|Any CPU
		{1CD5D37C-0DF6-40AA-8683-24401CE0DC32}.Debug|Any CPU.Build.0 = Debug|Any CPU
		{1CD5D37C-0DF6-40AA-8683-24401CE0DC32}.Release|Any CPU.ActiveCfg = Release|Any CPU
		{1CD5D37C-0DF6-40AA-8683-24401CE0DC32}.Release|Any CPU.Build.0 = Release|Any CPU
		{913F94CA-4DF7-4228-9274-E66D3DBC5869}.Debug|Any CPU.ActiveCfg = Debug|Any CPU
		{913F94CA-4DF7-4228-9274-E66D3DBC5869}.Debug|Any CPU.Build.0 = Debug|Any CPU
		{913F94CA-4DF7-4228-9274-E66D3DBC5869}.Release|Any CPU.ActiveCfg = Release|Any CPU
		{913F94CA-4DF7-4228-9274-E66D3DBC5869}.Release|Any CPU.Build.0 = Release|Any CPU
		{0B381B05-6E3F-42DD-ABB7-17223114BE37}.Debug|Any CPU.ActiveCfg = Debug|Any CPU
		{0B381B05-6E3F-42DD-ABB7-17223114BE37}.Debug|Any CPU.Build.0 = Debug|Any CPU
		{0B381B05-6E3F-42DD-ABB7-17223114BE37}.Release|Any CPU.ActiveCfg = Release|Any CPU
		{0B381B05-6E3F-42DD-ABB7-17223114BE37}.Release|Any CPU.Build.0 = Release|Any CPU
		{1261AD80-2CB9-4B56-B97A-08C1E6A4546F}.Debug|Any CPU.ActiveCfg = Debug|Any CPU
		{1261AD80-2CB9-4B56-B97A-08C1E6A4546F}.Debug|Any CPU.Build.0 = Debug|Any CPU
		{1261AD80-2CB9-4B56-B97A-08C1E6A4546F}.Release|Any CPU.ActiveCfg = Release|Any CPU
		{1261AD80-2CB9-4B56-B97A-08C1E6A4546F}.Release|Any CPU.Build.0 = Release|Any CPU
		{7708E7A9-D699-4B9E-9E79-8054186C8C81}.Debug|Any CPU.ActiveCfg = Debug|Any CPU
		{7708E7A9-D699-4B9E-9E79-8054186C8C81}.Debug|Any CPU.Build.0 = Debug|Any CPU
		{7708E7A9-D699-4B9E-9E79-8054186C8C81}.Release|Any CPU.ActiveCfg = Release|Any CPU
		{7708E7A9-D699-4B9E-9E79-8054186C8C81}.Release|Any CPU.Build.0 = Release|Any CPU
		{9BA6AA61-5F1D-442D-9EB2-4229AFD27E3A}.Debug|Any CPU.ActiveCfg = Debug|Any CPU
		{9BA6AA61-5F1D-442D-9EB2-4229AFD27E3A}.Debug|Any CPU.Build.0 = Debug|Any CPU
		{9BA6AA61-5F1D-442D-9EB2-4229AFD27E3A}.Release|Any CPU.ActiveCfg = Release|Any CPU
		{9BA6AA61-5F1D-442D-9EB2-4229AFD27E3A}.Release|Any CPU.Build.0 = Release|Any CPU
		{0A2DAFDA-B5C3-4FEE-BAE1-939BD73E30FD}.Debug|Any CPU.ActiveCfg = Debug|Any CPU
		{0A2DAFDA-B5C3-4FEE-BAE1-939BD73E30FD}.Debug|Any CPU.Build.0 = Debug|Any CPU
		{0A2DAFDA-B5C3-4FEE-BAE1-939BD73E30FD}.Release|Any CPU.ActiveCfg = Release|Any CPU
		{0A2DAFDA-B5C3-4FEE-BAE1-939BD73E30FD}.Release|Any CPU.Build.0 = Release|Any CPU
		{50E807A9-731A-4E33-9921-205483CBCB08}.Debug|Any CPU.ActiveCfg = Debug|Any CPU
		{50E807A9-731A-4E33-9921-205483CBCB08}.Debug|Any CPU.Build.0 = Debug|Any CPU
		{50E807A9-731A-4E33-9921-205483CBCB08}.Release|Any CPU.ActiveCfg = Release|Any CPU
		{50E807A9-731A-4E33-9921-205483CBCB08}.Release|Any CPU.Build.0 = Release|Any CPU
		{D8ABA5FF-4D6A-4FA1-B9B0-A05EC40836DC}.Debug|Any CPU.ActiveCfg = Debug|Any CPU
		{D8ABA5FF-4D6A-4FA1-B9B0-A05EC40836DC}.Debug|Any CPU.Build.0 = Debug|Any CPU
		{D8ABA5FF-4D6A-4FA1-B9B0-A05EC40836DC}.Release|Any CPU.ActiveCfg = Release|Any CPU
		{D8ABA5FF-4D6A-4FA1-B9B0-A05EC40836DC}.Release|Any CPU.Build.0 = Release|Any CPU
		{56689FDB-973D-4BCD-8AF9-5BA82AA7B0C0}.Debug|Any CPU.ActiveCfg = Debug|Any CPU
		{56689FDB-973D-4BCD-8AF9-5BA82AA7B0C0}.Debug|Any CPU.Build.0 = Debug|Any CPU
		{56689FDB-973D-4BCD-8AF9-5BA82AA7B0C0}.Release|Any CPU.ActiveCfg = Release|Any CPU
		{56689FDB-973D-4BCD-8AF9-5BA82AA7B0C0}.Release|Any CPU.Build.0 = Release|Any CPU
		{4489F367-05BE-4856-B95D-7C11EDC71236}.Debug|Any CPU.ActiveCfg = Debug|Any CPU
		{4489F367-05BE-4856-B95D-7C11EDC71236}.Debug|Any CPU.Build.0 = Debug|Any CPU
		{4489F367-05BE-4856-B95D-7C11EDC71236}.Release|Any CPU.ActiveCfg = Release|Any CPU
		{4489F367-05BE-4856-B95D-7C11EDC71236}.Release|Any CPU.Build.0 = Release|Any CPU
		{487F5E24-070E-4DB9-8EBB-5B9E42896B81}.Debug|Any CPU.ActiveCfg = Debug|Any CPU
		{487F5E24-070E-4DB9-8EBB-5B9E42896B81}.Debug|Any CPU.Build.0 = Debug|Any CPU
		{487F5E24-070E-4DB9-8EBB-5B9E42896B81}.Release|Any CPU.ActiveCfg = Release|Any CPU
		{487F5E24-070E-4DB9-8EBB-5B9E42896B81}.Release|Any CPU.Build.0 = Release|Any CPU
		{DADBA746-C4C4-4F69-B93E-3102BE8ADC83}.Debug|Any CPU.ActiveCfg = Debug|Any CPU
		{DADBA746-C4C4-4F69-B93E-3102BE8ADC83}.Debug|Any CPU.Build.0 = Debug|Any CPU
		{DADBA746-C4C4-4F69-B93E-3102BE8ADC83}.Release|Any CPU.ActiveCfg = Release|Any CPU
		{DADBA746-C4C4-4F69-B93E-3102BE8ADC83}.Release|Any CPU.Build.0 = Release|Any CPU
		{B3CA847B-23A2-4B97-8105-23BA87F333CB}.Debug|Any CPU.ActiveCfg = Debug|Any CPU
		{B3CA847B-23A2-4B97-8105-23BA87F333CB}.Debug|Any CPU.Build.0 = Debug|Any CPU
		{B3CA847B-23A2-4B97-8105-23BA87F333CB}.Release|Any CPU.ActiveCfg = Release|Any CPU
		{B3CA847B-23A2-4B97-8105-23BA87F333CB}.Release|Any CPU.Build.0 = Release|Any CPU
		{386B697C-B11A-455C-BB79-16CBC12154B6}.Debug|Any CPU.ActiveCfg = Debug|Any CPU
		{386B697C-B11A-455C-BB79-16CBC12154B6}.Debug|Any CPU.Build.0 = Debug|Any CPU
		{386B697C-B11A-455C-BB79-16CBC12154B6}.Release|Any CPU.ActiveCfg = Release|Any CPU
		{386B697C-B11A-455C-BB79-16CBC12154B6}.Release|Any CPU.Build.0 = Release|Any CPU
		{E99B965F-49B9-467B-96D8-C8A5AFCE705F}.Debug|Any CPU.ActiveCfg = Debug|Any CPU
		{E99B965F-49B9-467B-96D8-C8A5AFCE705F}.Debug|Any CPU.Build.0 = Debug|Any CPU
		{E99B965F-49B9-467B-96D8-C8A5AFCE705F}.Release|Any CPU.ActiveCfg = Release|Any CPU
		{E99B965F-49B9-467B-96D8-C8A5AFCE705F}.Release|Any CPU.Build.0 = Release|Any CPU
		{997981D6-8C57-493E-AFED-0B6D1734194A}.Debug|Any CPU.ActiveCfg = Debug|Any CPU
		{997981D6-8C57-493E-AFED-0B6D1734194A}.Debug|Any CPU.Build.0 = Debug|Any CPU
		{997981D6-8C57-493E-AFED-0B6D1734194A}.Release|Any CPU.ActiveCfg = Release|Any CPU
		{997981D6-8C57-493E-AFED-0B6D1734194A}.Release|Any CPU.Build.0 = Release|Any CPU
		{D4A3B8C0-2EA5-4CEB-B90E-4AB2263D6C8A}.Debug|Any CPU.ActiveCfg = Debug|Any CPU
		{D4A3B8C0-2EA5-4CEB-B90E-4AB2263D6C8A}.Debug|Any CPU.Build.0 = Debug|Any CPU
		{D4A3B8C0-2EA5-4CEB-B90E-4AB2263D6C8A}.Release|Any CPU.ActiveCfg = Release|Any CPU
		{D4A3B8C0-2EA5-4CEB-B90E-4AB2263D6C8A}.Release|Any CPU.Build.0 = Release|Any CPU
		{74D8A43F-4644-43C6-945B-257F95BAAFCC}.Debug|Any CPU.ActiveCfg = Debug|Any CPU
		{74D8A43F-4644-43C6-945B-257F95BAAFCC}.Debug|Any CPU.Build.0 = Debug|Any CPU
		{74D8A43F-4644-43C6-945B-257F95BAAFCC}.Release|Any CPU.ActiveCfg = Release|Any CPU
		{74D8A43F-4644-43C6-945B-257F95BAAFCC}.Release|Any CPU.Build.0 = Release|Any CPU
		{52F26073-20E8-43D9-95AB-B0807C6C538C}.Debug|Any CPU.ActiveCfg = Debug|Any CPU
		{52F26073-20E8-43D9-95AB-B0807C6C538C}.Debug|Any CPU.Build.0 = Debug|Any CPU
		{52F26073-20E8-43D9-95AB-B0807C6C538C}.Release|Any CPU.ActiveCfg = Release|Any CPU
		{52F26073-20E8-43D9-95AB-B0807C6C538C}.Release|Any CPU.Build.0 = Release|Any CPU
		{293EB30A-AD9C-409C-B6ED-AC32401A62D9}.Debug|Any CPU.ActiveCfg = Debug|Any CPU
		{293EB30A-AD9C-409C-B6ED-AC32401A62D9}.Debug|Any CPU.Build.0 = Debug|Any CPU
		{293EB30A-AD9C-409C-B6ED-AC32401A62D9}.Release|Any CPU.ActiveCfg = Release|Any CPU
		{293EB30A-AD9C-409C-B6ED-AC32401A62D9}.Release|Any CPU.Build.0 = Release|Any CPU
		{F445C862-7639-4402-9FDF-188AC5E7A2AF}.Debug|Any CPU.ActiveCfg = Debug|Any CPU
		{F445C862-7639-4402-9FDF-188AC5E7A2AF}.Debug|Any CPU.Build.0 = Debug|Any CPU
		{F445C862-7639-4402-9FDF-188AC5E7A2AF}.Release|Any CPU.ActiveCfg = Release|Any CPU
		{F445C862-7639-4402-9FDF-188AC5E7A2AF}.Release|Any CPU.Build.0 = Release|Any CPU
		{83D85472-8D28-48B7-9DA0-B4344312C2F0}.Debug|Any CPU.ActiveCfg = Debug|Any CPU
		{83D85472-8D28-48B7-9DA0-B4344312C2F0}.Debug|Any CPU.Build.0 = Debug|Any CPU
		{83D85472-8D28-48B7-9DA0-B4344312C2F0}.Release|Any CPU.ActiveCfg = Release|Any CPU
		{83D85472-8D28-48B7-9DA0-B4344312C2F0}.Release|Any CPU.Build.0 = Release|Any CPU
	EndGlobalSection
	GlobalSection(SolutionProperties) = preSolution
		HideSolutionNode = FALSE
	EndGlobalSection
	GlobalSection(ExtensibilityGlobals) = postSolution
		SolutionGuid = {D2B4F18B-FA18-4B93-A0C5-831FD67B498E}
	EndGlobalSection
EndGlobal
